
Microsoft Visual Studio Solution File, Format Version 12.00
# Visual Studio 2012
Project("{FAE04EC0-301F-11D3-BF4B-00C04F79EFBC}") = "warsztaty_ts", "warsztaty_ts\warsztaty_ts.csproj", "{19A2C736-008C-4966-B3EC-EB300136DF27}"
EndProject
Global
	GlobalSection(SolutionConfigurationPlatforms) = preSolution
		Release|Any CPU = Release|Any CPU
	EndGlobalSection
	GlobalSection(ProjectConfigurationPlatforms) = postSolution
		{19A2C736-008C-4966-B3EC-EB300136DF27}.Release|Any CPU.ActiveCfg = Release|Any CPU
		{19A2C736-008C-4966-B3EC-EB300136DF27}.Release|Any CPU.Build.0 = Release|Any CPU
	EndGlobalSection
	GlobalSection(SolutionProperties) = preSolution
		HideSolutionNode = FALSE
	EndGlobalSection
EndGlobal
